
Microsoft Visual Studio Solution File, Format Version 12.00
# Visual Studio Version 16
VisualStudioVersion = 16.0.30523.141
MinimumVisualStudioVersion = 10.0.40219.1
Project("{FAE04EC0-301F-11D3-BF4B-00C04F79EFBC}") = "Modal", "Modal.csproj", "{81EEC64C-2074-496C-8E63-423AEBEA2FA3}"
EndProject
Global
	GlobalSection(SolutionConfigurationPlatforms) = preSolution
		Debug|Any CPU = Debug|Any CPU
		Release|Any CPU = Release|Any CPU
	EndGlobalSection
	GlobalSection(ProjectConfigurationPlatforms) = postSolution
		{81EEC64C-2074-496C-8E63-423AEBEA2FA3}.Debug|Any CPU.ActiveCfg = Debug|Any CPU
		{81EEC64C-2074-496C-8E63-423AEBEA2FA3}.Debug|Any CPU.Build.0 = Debug|Any CPU
		{81EEC64C-2074-496C-8E63-423AEBEA2FA3}.Release|Any CPU.ActiveCfg = Release|Any CPU
		{81EEC64C-2074-496C-8E63-423AEBEA2FA3}.Release|Any CPU.Build.0 = Release|Any CPU
	EndGlobalSection
	GlobalSection(SolutionProperties) = preSolution
		HideSolutionNode = FALSE
	EndGlobalSection
	GlobalSection(ExtensibilityGlobals) = postSolution
		SolutionGuid = {F532C1B1-BC86-4266-9A1E-3B3F8576CDEC}
	EndGlobalSection
EndGlobal
